
Microsoft Visual Studio Solution File, Format Version 12.00
# Visual Studio Version 17
VisualStudioVersion = 17.11.35327.3
MinimumVisualStudioVersion = 10.0.40219.1
Project("{FAE04EC0-301F-11D3-BF4B-00C04F79EFBC}") = "CyberMall", "CyberMall.csproj", "{0649CC88-A59E-46D5-ADF1-8F7FE3EC146E}"
EndProject
Global
	GlobalSection(SolutionConfigurationPlatforms) = preSolution
		Debug|Any CPU = Debug|Any CPU
		Release|Any CPU = Release|Any CPU
	EndGlobalSection
	GlobalSection(ProjectConfigurationPlatforms) = postSolution
		{0649CC88-A59E-46D5-ADF1-8F7FE3EC146E}.Debug|Any CPU.ActiveCfg = Debug|Any CPU
		{0649CC88-A59E-46D5-ADF1-8F7FE3EC146E}.Debug|Any CPU.Build.0 = Debug|Any CPU
		{0649CC88-A59E-46D5-ADF1-8F7FE3EC146E}.Release|Any CPU.ActiveCfg = Release|Any CPU
		{0649CC88-A59E-46D5-ADF1-8F7FE3EC146E}.Release|Any CPU.Build.0 = Release|Any CPU
	EndGlobalSection
	GlobalSection(SolutionProperties) = preSolution
		HideSolutionNode = FALSE
	EndGlobalSection
	GlobalSection(ExtensibilityGlobals) = postSolution
		SolutionGuid = {6A2AB594-C484-4B6C-B92C-FAF62F066CAB}
	EndGlobalSection
EndGlobal
